// !$*UTF8*$!
{
	archiveVersion = 1;
	classes = {
	};
	objectVersion = 46;
	objects = {

/* Begin PBXBuildFile section */
		B25E0FD41B76378300ADA48E /* AppDelegate.swift in Sources */ = {isa = PBXBuildFile; fileRef = B25E0FD31B76378300ADA48E /* AppDelegate.swift */; };
		B25E0FD61B76378300ADA48E /* ViewController.swift in Sources */ = {isa = PBXBuildFile; fileRef = B25E0FD51B76378300ADA48E /* ViewController.swift */; };
		B25E0FD91B76378300ADA48E /* Main.storyboard in Resources */ = {isa = PBXBuildFile; fileRef = B25E0FD71B76378300ADA48E /* Main.storyboard */; };
		B25E0FDB1B76378300ADA48E /* Images.xcassets in Resources */ = {isa = PBXBuildFile; fileRef = B25E0FDA1B76378300ADA48E /* Images.xcassets */; };
		B25E0FDE1B76378300ADA48E /* LaunchScreen.xib in Resources */ = {isa = PBXBuildFile; fileRef = B25E0FDC1B76378300ADA48E /* LaunchScreen.xib */; };
		B25E0FEA1B76378300ADA48E /* Mausoleum_Tool_V2Tests.swift in Sources */ = {isa = PBXBuildFile; fileRef = B25E0FE91B76378300ADA48E /* Mausoleum_Tool_V2Tests.swift */; };
/* End PBXBuildFile section */

/* Begin PBXContainerItemProxy section */
		B25E0FE41B76378300ADA48E /* PBXContainerItemProxy */ = {
			isa = PBXContainerItemProxy;
			containerPortal = B25E0FC61B76378300ADA48E /* Project object */;
			proxyType = 1;
			remoteGlobalIDString = B25E0FCD1B76378300ADA48E;
			remoteInfo = "Mausoleum Tool V2";
		};
/* End PBXContainerItemProxy section */

/* Begin PBXFileReference section */
		B25E0FCE1B76378300ADA48E /* Mausoleum Tool V2.app */ = {isa = PBXFileReference; explicitFileType = wrapper.application; includeInIndex = 0; path = "Mausoleum Tool V2.app"; sourceTree = BUILT_PRODUCTS_DIR; };
		B25E0FD21B76378300ADA48E /* Info.plist */ = {isa = PBXFileReference; lastKnownFileType = text.plist.xml; path = Info.plist; sourceTree = "<group>"; };
		B25E0FD31B76378300ADA48E /* AppDelegate.swift */ = {isa = PBXFileReference; lastKnownFileType = sourcecode.swift; path = AppDelegate.swift; sourceTree = "<group>"; };
		B25E0FD51B76378300ADA48E /* ViewController.swift */ = {isa = PBXFileReference; lastKnownFileType = sourcecode.swift; path = ViewController.swift; sourceTree = "<group>"; };
		B25E0FD81B76378300ADA48E /* Base */ = {isa = PBXFileReference; lastKnownFileType = file.storyboard; name = Base; path = Base.lproj/Main.storyboard; sourceTree = "<group>"; };
		B25E0FDA1B76378300ADA48E /* Images.xcassets */ = {isa = PBXFileReference; lastKnownFileType = folder.assetcatalog; path = Images.xcassets; sourceTree = "<group>"; };
		B25E0FDD1B76378300ADA48E /* Base */ = {isa = PBXFileReference; lastKnownFileType = file.xib; name = Base; path = Base.lproj/LaunchScreen.xib; sourceTree = "<group>"; };
		B25E0FE31B76378300ADA48E /* Mausoleum Tool V2Tests.xctest */ = {isa = PBXFileReference; explicitFileType = wrapper.cfbundle; includeInIndex = 0; path = "Mausoleum Tool V2Tests.xctest"; sourceTree = BUILT_PRODUCTS_DIR; };
		B25E0FE81B76378300ADA48E /* Info.plist */ = {isa = PBXFileReference; lastKnownFileType = text.plist.xml; path = Info.plist; sourceTree = "<group>"; };
		B25E0FE91B76378300ADA48E /* Mausoleum_Tool_V2Tests.swift */ = {isa = PBXFileReference; lastKnownFileType = sourcecode.swift; path = Mausoleum_Tool_V2Tests.swift; sourceTree = "<group>"; };
/* End PBXFileReference section */

/* Begin PBXFrameworksBuildPhase section */
		B25E0FCB1B76378300ADA48E /* Frameworks */ = {
			isa = PBXFrameworksBuildPhase;
			buildActionMask = 2147483647;
			files = (
			);
			runOnlyForDeploymentPostprocessing = 0;
		};
		B25E0FE01B76378300ADA48E /* Frameworks */ = {
			isa = PBXFrameworksBuildPhase;
			buildActionMask = 2147483647;
			files = (
			);
			runOnlyForDeploymentPostprocessing = 0;
		};
/* End PBXFrameworksBuildPhase section */

/* Begin PBXGroup section */
		B25E0FC51B76378300ADA48E = {
			isa = PBXGroup;
			children = (
				B25E0FD01B76378300ADA48E /* Mausoleum Tool V2 */,
				B25E0FE61B76378300ADA48E /* Mausoleum Tool V2Tests */,
				B25E0FCF1B76378300ADA48E /* Products */,
			);
			sourceTree = "<group>";
		};
		B25E0FCF1B76378300ADA48E /* Products */ = {
			isa = PBXGroup;
			children = (
				B25E0FCE1B76378300ADA48E /* Mausoleum Tool V2.app */,
				B25E0FE31B76378300ADA48E /* Mausoleum Tool V2Tests.xctest */,
			);
			name = Products;
			sourceTree = "<group>";
		};
		B25E0FD01B76378300ADA48E /* Mausoleum Tool V2 */ = {
			isa = PBXGroup;
			children = (
				B25E0FD31B76378300ADA48E /* AppDelegate.swift */,
				B25E0FD51B76378300ADA48E /* ViewController.swift */,
				B25E0FD71B76378300ADA48E /* Main.storyboard */,
				B25E0FDA1B76378300ADA48E /* Images.xcassets */,
				B25E0FDC1B76378300ADA48E /* LaunchScreen.xib */,
				B25E0FD11B76378300ADA48E /* Supporting Files */,
			);
			path = "Mausoleum Tool V2";
			sourceTree = "<group>";
		};
		B25E0FD11B76378300ADA48E /* Supporting Files */ = {
			isa = PBXGroup;
			children = (
				B25E0FD21B76378300ADA48E /* Info.plist */,
			);
			name = "Supporting Files";
			sourceTree = "<group>";
		};
		B25E0FE61B76378300ADA48E /* Mausoleum Tool V2Tests */ = {
			isa = PBXGroup;
			children = (
				B25E0FE91B76378300ADA48E /* Mausoleum_Tool_V2Tests.swift */,
				B25E0FE71B76378300ADA48E /* Supporting Files */,
			);
			path = "Mausoleum Tool V2Tests";
			sourceTree = "<group>";
		};
		B25E0FE71B76378300ADA48E /* Supporting Files */ = {
			isa = PBXGroup;
			children = (
				B25E0FE81B76378300ADA48E /* Info.plist */,
			);
			name = "Supporting Files";
			sourceTree = "<group>";
		};
/* End PBXGroup section */

/* Begin PBXNativeTarget section */
		B25E0FCD1B76378300ADA48E /* Mausoleum Tool V2 */ = {
			isa = PBXNativeTarget;
			buildConfigurationList = B25E0FED1B76378300ADA48E /* Build configuration list for PBXNativeTarget "Mausoleum Tool V2" */;
			buildPhases = (
				B25E0FCA1B76378300ADA48E /* Sources */,
				B25E0FCB1B76378300ADA48E /* Frameworks */,
				B25E0FCC1B76378300ADA48E /* Resources */,
			);
			buildRules = (
			);
			dependencies = (
			);
			name = "Mausoleum Tool V2";
			productName = "Mausoleum Tool V2";
			productReference = B25E0FCE1B76378300ADA48E /* Mausoleum Tool V2.app */;
			productType = "com.apple.product-type.application";
		};
		B25E0FE21B76378300ADA48E /* Mausoleum Tool V2Tests */ = {
			isa = PBXNativeTarget;
			buildConfigurationList = B25E0FF01B76378300ADA48E /* Build configuration list for PBXNativeTarget "Mausoleum Tool V2Tests" */;
			buildPhases = (
				B25E0FDF1B76378300ADA48E /* Sources */,
				B25E0FE01B76378300ADA48E /* Frameworks */,
				B25E0FE11B76378300ADA48E /* Resources */,
			);
			buildRules = (
			);
			dependencies = (
				B25E0FE51B76378300ADA48E /* PBXTargetDependency */,
			);
			name = "Mausoleum Tool V2Tests";
			productName = "Mausoleum Tool V2Tests";
			productReference = B25E0FE31B76378300ADA48E /* Mausoleum Tool V2Tests.xctest */;
			productType = "com.apple.product-type.bundle.unit-test";
		};
/* End PBXNativeTarget section */

/* Begin PBXProject section */
		B25E0FC61B76378300ADA48E /* Project object */ = {
			isa = PBXProject;
			attributes = {
				LastUpgradeCheck = 0640;
				ORGANIZATIONNAME = "Ovation International";
				TargetAttributes = {
					B25E0FCD1B76378300ADA48E = {
						CreatedOnToolsVersion = 6.4;
					};
					B25E0FE21B76378300ADA48E = {
						CreatedOnToolsVersion = 6.4;
						TestTargetID = B25E0FCD1B76378300ADA48E;
					};
				};
			};
			buildConfigurationList = B25E0FC91B76378300ADA48E /* Build configuration list for PBXProject "Mausoleum Tool V2" */;
			compatibilityVersion = "Xcode 3.2";
			developmentRegion = English;
			hasScannedForEncodings = 0;
			knownRegions = (
				en,
				Base,
			);
			mainGroup = B25E0FC51B76378300ADA48E;
			productRefGroup = B25E0FCF1B76378300ADA48E /* Products */;
			projectDirPath = "";
			projectRoot = "";
			targets = (
				B25E0FCD1B76378300ADA48E /* Mausoleum Tool V2 */,
				B25E0FE21B76378300ADA48E /* Mausoleum Tool V2Tests */,
			);
		};
/* End PBXProject section */

/* Begin PBXResourcesBuildPhase section */
		B25E0FCC1B76378300ADA48E /* Resources */ = {
			isa = PBXResourcesBuildPhase;
			buildActionMask = 2147483647;
			files = (
				B25E0FD91B76378300ADA48E /* Main.storyboard in Resources */,
				B25E0FDE1B76378300ADA48E /* LaunchScreen.xib in Resources */,
				B25E0FDB1B76378300ADA48E /* Images.xcassets in Resources */,
			);
			runOnlyForDeploymentPostprocessing = 0;
		};
		B25E0FE11B76378300ADA48E /* Resources */ = {
			isa = PBXResourcesBuildPhase;
			buildActionMask = 2147483647;
			files = (
			);
			runOnlyForDeploymentPostprocessing = 0;
		};
/* End PBXResourcesBuildPhase section */

/* Begin PBXSourcesBuildPhase section */
		B25E0FCA1B76378300ADA48E /* Sources */ = {
			isa = PBXSourcesBuildPhase;
			buildActionMask = 2147483647;
			files = (
				B25E0FD61B76378300ADA48E /* ViewController.swift in Sources */,
				B25E0FD41B76378300ADA48E /* AppDelegate.swift in Sources */,
			);
			runOnlyForDeploymentPostprocessing = 0;
		};
		B25E0FDF1B76378300ADA48E /* Sources */ = {
			isa = PBXSourcesBuildPhase;
			buildActionMask = 2147483647;
			files = (
				B25E0FEA1B76378300ADA48E /* Mausoleum_Tool_V2Tests.swift in Sources */,
			);
			runOnlyForDeploymentPostprocessing = 0;
		};
/* End PBXSourcesBuildPhase section */

/* Begin PBXTargetDependency section */
		B25E0FE51B76378300ADA48E /* PBXTargetDependency */ = {
			isa = PBXTargetDependency;
			target = B25E0FCD1B76378300ADA48E /* Mausoleum Tool V2 */;
			targetProxy = B25E0FE41B76378300ADA48E /* PBXContainerItemProxy */;
		};
/* End PBXTargetDependency section */

/* Begin PBXVariantGroup section */
		B25E0FD71B76378300ADA48E /* Main.storyboard */ = {
			isa = PBXVariantGroup;
			children = (
				B25E0FD81B76378300ADA48E /* Base */,
			);
			name = Main.storyboard;
			sourceTree = "<group>";
		};
		B25E0FDC1B76378300ADA48E /* LaunchScreen.xib */ = {
			isa = PBXVariantGroup;
			children = (
				B25E0FDD1B76378300ADA48E /* Base */,
			);
			name = LaunchScreen.xib;
			sourceTree = "<group>";
		};
/* End PBXVariantGroup section */

/* Begin XCBuildConfiguration section */
		B25E0FEB1B76378300ADA48E /* Debug */ = {
			isa = XCBuildConfiguration;
			buildSettings = {
				ALWAYS_SEARCH_USER_PATHS = NO;
				CLANG_CXX_LANGUAGE_STANDARD = "gnu++0x";
				CLANG_CXX_LIBRARY = "libc++";
				CLANG_ENABLE_MODULES = YES;
				CLANG_ENABLE_OBJC_ARC = YES;
				CLANG_WARN_BOOL_CONVERSION = YES;
				CLANG_WARN_CONSTANT_CONVERSION = YES;
				CLANG_WARN_DIRECT_OBJC_ISA_USAGE = YES_ERROR;
				CLANG_WARN_EMPTY_BODY = YES;
				CLANG_WARN_ENUM_CONVERSION = YES;
				CLANG_WARN_INT_CONVERSION = YES;
				CLANG_WARN_OBJC_ROOT_CLASS = YES_ERROR;
				CLANG_WARN_UNREACHABLE_CODE = YES;
				CLANG_WARN__DUPLICATE_METHOD_MATCH = YES;
				"CODE_SIGN_IDENTITY[sdk=iphoneos*]" = "iPhone Developer";
				COPY_PHASE_STRIP = NO;
				DEBUG_INFORMATION_FORMAT = "dwarf-with-dsym";
				ENABLE_STRICT_OBJC_MSGSEND = YES;
				GCC_C_LANGUAGE_STANDARD = gnu99;
				GCC_DYNAMIC_NO_PIC = NO;
				GCC_NO_COMMON_BLOCKS = YES;
				GCC_OPTIMIZATION_LEVEL = 0;
				GCC_PREPROCESSOR_DEFINITIONS = (
					"DEBUG=1",
					"$(inherited)",
				);
				GCC_SYMBOLS_PRIVATE_EXTERN = NO;
				GCC_WARN_64_TO_32_BIT_CONVERSION = YES;
				GCC_WARN_ABOUT_RETURN_TYPE = YES_ERROR;
				GCC_WARN_UNDECLARED_SELECTOR = YES;
				GCC_WARN_UNINITIALIZED_AUTOS = YES_AGGRESSIVE;
				GCC_WARN_UNUSED_FUNCTION = YES;
				GCC_WARN_UNUSED_VARIABLE = YES;
				IPHONEOS_DEPLOYMENT_TARGET = 8.4;
				MTL_ENABLE_DEBUG_INFO = YES;
				ONLY_ACTIVE_ARCH = YES;
				SDKROOT = iphoneos;
				SWIFT_OPTIMIZATION_LEVEL = "-Onone";
				TARGETED_DEVICE_FAMILY = 2;
			};
			name = Debug;
		};
		B25E0FEC1B76378300ADA48E /* Release */ = {
			isa = XCBuildConfiguration;
			buildSettings = {
				ALWAYS_SEARCH_USER_PATHS = NO;
				CLANG_CXX_LANGUAGE_STANDARD = "gnu++0x";
				CLANG_CXX_LIBRARY = "libc++";
				CLANG_ENABLE_MODULES = YES;
				CLANG_ENABLE_OBJC_ARC = YES;
				CLANG_WARN_BOOL_CONVERSION = YES;
				CLANG_WARN_CONSTANT_CONVERSION = YES;
				CLANG_WARN_DIRECT_OBJC_ISA_USAGE = YES_ERROR;
				CLANG_WARN_EMPTY_BODY = YES;
				CLANG_WARN_ENUM_CONVERSION = YES;
				CLANG_WARN_INT_CONVERSION = YES;
				CLANG_WARN_OBJC_ROOT_CLASS = YES_ERROR;
				CLANG_WARN_UNREACHABLE_CODE = YES;
				CLANG_WARN__DUPLICATE_METHOD_MATCH = YES;
				"CODE_SIGN_IDENTITY[sdk=iphoneos*]" = "iPhone Developer";
				COPY_PHASE_STRIP = NO;
				DEBUG_INFORMATION_FORMAT = "dwarf-with-dsym";
				ENABLE_NS_ASSERTIONS = NO;
				ENABLE_STRICT_OBJC_MSGSEND = YES;
				GCC_C_LANGUAGE_STANDARD = gnu99;
				GCC_NO_COMMON_BLOCKS = YES;
				GCC_WARN_64_TO_32_BIT_CONVERSION = YES;
				GCC_WARN_ABOUT_RETURN_TYPE = YES_ERROR;
				GCC_WARN_UNDECLARED_SELECTOR = YES;
				GCC_WARN_UNINITIALIZED_AUTOS = YES_AGGRESSIVE;
				GCC_WARN_UNUSED_FUNCTION = YES;
				GCC_WARN_UNUSED_VARIABLE = YES;
				IPHONEOS_DEPLOYMENT_TARGET = 8.4;
				MTL_ENABLE_DEBUG_INFO = NO;
				SDKROOT = iphoneos;
				TARGETED_DEVICE_FAMILY = 2;
				VALIDATE_PRODUCT = YES;
			};
			name = Release;
		};
		B25E0FEE1B76378300ADA48E /* Debug */ = {
			isa = XCBuildConfiguration;
			buildSettings = {
				ASSETCATALOG_COMPILER_APPICON_NAME = AppIcon;
				INFOPLIST_FILE = "Mausoleum Tool V2/Info.plist";
				LD_RUNPATH_SEARCH_PATHS = "$(inherited) @executable_path/Frameworks";
				PRODUCT_NAME = "$(TARGET_NAME)";
			};
			name = Debug;
		};
		B25E0FEF1B76378300ADA48E /* Release */ = {
			isa = XCBuildConfiguration;
			buildSettings = {
				ASSETCATALOG_COMPILER_APPICON_NAME = AppIcon;
				INFOPLIST_FILE = "Mausoleum Tool V2/Info.plist";
				LD_RUNPATH_SEARCH_PATHS = "$(inherited) @executable_path/Frameworks";
				PRODUCT_NAME = "$(TARGET_NAME)";
			};
			name = Release;
		};
		B25E0FF11B76378300ADA48E /* Debug */ = {
			isa = XCBuildConfiguration;
			buildSettings = {
				BUNDLE_LOADER = "$(TEST_HOST)";
				FRAMEWORK_SEARCH_PATHS = (
					"$(SDKROOT)/Developer/Library/Frameworks",
					"$(inherited)",
				);
				GCC_PREPROCESSOR_DEFINITIONS = (
					"DEBUG=1",
					"$(inherited)",
				);
				INFOPLIST_FILE = "Mausoleum Tool V2Tests/Info.plist";
				LD_RUNPATH_SEARCH_PATHS = "$(inherited) @executable_path/Frameworks @loader_path/Frameworks";
				PRODUCT_NAME = "$(TARGET_NAME)";
				TEST_HOST = "$(BUILT_PRODUCTS_DIR)/Mausoleum Tool V2.app/Mausoleum Tool V2";
			};
			name = Debug;
		};
		B25E0FF21B76378300ADA48E /* Release */ = {
			isa = XCBuildConfiguration;
			buildSettings = {
				BUNDLE_LOADER = "$(TEST_HOST)";
				FRAMEWORK_SEARCH_PATHS = (
					"$(SDKROOT)/Developer/Library/Frameworks",
					"$(inherited)",
				);
				INFOPLIST_FILE = "Mausoleum Tool V2Tests/Info.plist";
				LD_RUNPATH_SEARCH_PATHS = "$(inherited) @executable_path/Frameworks @loader_path/Frameworks";
				PRODUCT_NAME = "$(TARGET_NAME)";
				TEST_HOST = "$(BUILT_PRODUCTS_DIR)/Mausoleum Tool V2.app/Mausoleum Tool V2";
			};
			name = Release;
		};
/* End XCBuildConfiguration section */

/* Begin XCConfigurationList section */
		B25E0FC91B76378300ADA48E /* Build configuration list for PBXProject "Mausoleum Tool V2" */ = {
			isa = XCConfigurationList;
			buildConfigurations = (
				B25E0FEB1B76378300ADA48E /* Debug */,
				B25E0FEC1B76378300ADA48E /* Release */,
			);
			defaultConfigurationIsVisible = 0;
			defaultConfigurationName = Release;
		};
		B25E0FED1B76378300ADA48E /* Build configuration list for PBXNativeTarget "Mausoleum Tool V2" */ = {
			isa = XCConfigurationList;
			buildConfigurations = (
				B25E0FEE1B76378300ADA48E /* Debug */,
				B25E0FEF1B76378300ADA48E /* Release */,
			);
			defaultConfigurationIsVisible = 0;
		};
		B25E0FF01B76378300ADA48E /* Build configuration list for PBXNativeTarget "Mausoleum Tool V2Tests" */ = {
			isa = XCConfigurationList;
			buildConfigurations = (
				B25E0FF11B76378300ADA48E /* Debug */,
				B25E0FF21B76378300ADA48E /* Release */,
			);
			defaultConfigurationIsVisible = 0;
		};
/* End XCConfigurationList section */
	};
	rootObject = B25E0FC61B76378300ADA48E /* Project object */;
}
